
Microsoft Visual Studio Solution File, Format Version 12.00
# Visual Studio Version 16
VisualStudioVersion = 16.0.30114.105
MinimumVisualStudioVersion = 10.0.40219.1
Project("{9A19103F-16F7-4668-BE54-9A1E7A4F7556}") = "API", "src\API.csproj", "{1FCD1E75-9537-47FF-87D1-60B0F6269755}"
EndProject
Project("{E53339B2-1760-4266-BCC7-CA923CBCF16C}") = "docker-compose", "docker-compose.dcproj", "{5A6FFDF1-5ED8-4033-ABB6-75258385711A}"
EndProject
Global
	GlobalSection(SolutionConfigurationPlatforms) = preSolution
		Debug|Any CPU = Debug|Any CPU
		Debug|x64 = Debug|x64
		Debug|x86 = Debug|x86
		Release|Any CPU = Release|Any CPU
		Release|x64 = Release|x64
		Release|x86 = Release|x86
	EndGlobalSection
	GlobalSection(ProjectConfigurationPlatforms) = postSolution
		{1FCD1E75-9537-47FF-87D1-60B0F6269755}.Debug|Any CPU.ActiveCfg = Debug|Any CPU
		{1FCD1E75-9537-47FF-87D1-60B0F6269755}.Debug|Any CPU.Build.0 = Debug|Any CPU
		{1FCD1E75-9537-47FF-87D1-60B0F6269755}.Debug|x64.ActiveCfg = Debug|Any CPU
		{1FCD1E75-9537-47FF-87D1-60B0F6269755}.Debug|x64.Build.0 = Debug|Any CPU
		{1FCD1E75-9537-47FF-87D1-60B0F6269755}.Debug|x86.ActiveCfg = Debug|Any CPU
		{1FCD1E75-9537-47FF-87D1-60B0F6269755}.Debug|x86.Build.0 = Debug|Any CPU
		{1FCD1E75-9537-47FF-87D1-60B0F6269755}.Release|Any CPU.ActiveCfg = Release|Any CPU
		{1FCD1E75-9537-47FF-87D1-60B0F6269755}.Release|Any CPU.Build.0 = Release|Any CPU
		{1FCD1E75-9537-47FF-87D1-60B0F6269755}.Release|x64.ActiveCfg = Release|Any CPU
		{1FCD1E75-9537-47FF-87D1-60B0F6269755}.Release|x64.Build.0 = Release|Any CPU
		{1FCD1E75-9537-47FF-87D1-60B0F6269755}.Release|x86.ActiveCfg = Release|Any CPU
		{1FCD1E75-9537-47FF-87D1-60B0F6269755}.Release|x86.Build.0 = Release|Any CPU
		{5A6FFDF1-5ED8-4033-ABB6-75258385711A}.Debug|Any CPU.ActiveCfg = Debug|Any CPU
		{5A6FFDF1-5ED8-4033-ABB6-75258385711A}.Debug|Any CPU.Build.0 = Debug|Any CPU
		{5A6FFDF1-5ED8-4033-ABB6-75258385711A}.Debug|x64.ActiveCfg = Debug|Any CPU
		{5A6FFDF1-5ED8-4033-ABB6-75258385711A}.Debug|x64.Build.0 = Debug|Any CPU
		{5A6FFDF1-5ED8-4033-ABB6-75258385711A}.Debug|x86.ActiveCfg = Debug|Any CPU
		{5A6FFDF1-5ED8-4033-ABB6-75258385711A}.Debug|x86.Build.0 = Debug|Any CPU
		{5A6FFDF1-5ED8-4033-ABB6-75258385711A}.Release|Any CPU.ActiveCfg = Release|Any CPU
		{5A6FFDF1-5ED8-4033-ABB6-75258385711A}.Release|Any CPU.Build.0 = Release|Any CPU
		{5A6FFDF1-5ED8-4033-ABB6-75258385711A}.Release|x64.ActiveCfg = Release|Any CPU
		{5A6FFDF1-5ED8-4033-ABB6-75258385711A}.Release|x64.Build.0 = Release|Any CPU
		{5A6FFDF1-5ED8-4033-ABB6-75258385711A}.Release|x86.ActiveCfg = Release|Any CPU
		{5A6FFDF1-5ED8-4033-ABB6-75258385711A}.Release|x86.Build.0 = Release|Any CPU
	EndGlobalSection
	GlobalSection(SolutionProperties) = preSolution
		HideSolutionNode = FALSE
	EndGlobalSection
	GlobalSection(ExtensibilityGlobals) = postSolution
		SolutionGuid = {17736DF8-6542-4E6A-BF1F-EDB77CBDFC83}
	EndGlobalSection
EndGlobal
